
Microsoft Visual Studio Solution File, Format Version 12.00
# Visual Studio Version 16
VisualStudioVersion = 16.0.29609.76
MinimumVisualStudioVersion = 10.0.40219.1
Project("{FAE04EC0-301F-11D3-BF4B-00C04F79EFBC}") = "AcerteONumero", "AcerteONumero\AcerteONumero.csproj", "{60C3A4D2-4DCE-4FC7-B50B-4007BA11F061}"
EndProject
Global
	GlobalSection(SolutionConfigurationPlatforms) = preSolution
		Debug|Any CPU = Debug|Any CPU
		Release|Any CPU = Release|Any CPU
	EndGlobalSection
	GlobalSection(ProjectConfigurationPlatforms) = postSolution
		{60C3A4D2-4DCE-4FC7-B50B-4007BA11F061}.Debug|Any CPU.ActiveCfg = Debug|Any CPU
		{60C3A4D2-4DCE-4FC7-B50B-4007BA11F061}.Debug|Any CPU.Build.0 = Debug|Any CPU
		{60C3A4D2-4DCE-4FC7-B50B-4007BA11F061}.Release|Any CPU.ActiveCfg = Release|Any CPU
		{60C3A4D2-4DCE-4FC7-B50B-4007BA11F061}.Release|Any CPU.Build.0 = Release|Any CPU
	EndGlobalSection
	GlobalSection(SolutionProperties) = preSolution
		HideSolutionNode = FALSE
	EndGlobalSection
	GlobalSection(ExtensibilityGlobals) = postSolution
		SolutionGuid = {86E25742-9349-49A9-A750-BFE4B40AFC58}
	EndGlobalSection
EndGlobal
